
Microsoft Visual Studio Solution File, Format Version 12.00
# Visual Studio 15
VisualStudioVersion = 15.0.28307.489
MinimumVisualStudioVersion = 10.0.40219.1
Project("{FAE04EC0-301F-11D3-BF4B-00C04F79EFBC}") = "MessageBoxes", "MessageBoxes\MessageBoxes.csproj", "{DC10A8A1-7EB9-4897-A0B5-41239E940748}"
EndProject
Global
	GlobalSection(SolutionConfigurationPlatforms) = preSolution
		Debug|Any CPU = Debug|Any CPU
		Release|Any CPU = Release|Any CPU
	EndGlobalSection
	GlobalSection(ProjectConfigurationPlatforms) = postSolution
		{DC10A8A1-7EB9-4897-A0B5-41239E940748}.Debug|Any CPU.ActiveCfg = Debug|Any CPU
		{DC10A8A1-7EB9-4897-A0B5-41239E940748}.Debug|Any CPU.Build.0 = Debug|Any CPU
		{DC10A8A1-7EB9-4897-A0B5-41239E940748}.Release|Any CPU.ActiveCfg = Release|Any CPU
		{DC10A8A1-7EB9-4897-A0B5-41239E940748}.Release|Any CPU.Build.0 = Release|Any CPU
	EndGlobalSection
	GlobalSection(SolutionProperties) = preSolution
		HideSolutionNode = FALSE
	EndGlobalSection
	GlobalSection(ExtensibilityGlobals) = postSolution
		SolutionGuid = {7C0C3E50-50C8-43C2-B122-1ABBAC168B62}
	EndGlobalSection
EndGlobal
